
Microsoft Visual Studio Solution File, Format Version 12.00
# Visual Studio 2013
VisualStudioVersion = 12.0.30501.0
MinimumVisualStudioVersion = 10.0.40219.1
Project("{FAE04EC0-301F-11D3-BF4B-00C04F79EFBC}") = "GoErgoUI", "GoErgoUI\GoErgoUI.csproj", "{392D0621-10A0-4870-B878-6A6D931A151D}"
EndProject
Project("{FAE04EC0-301F-11D3-BF4B-00C04F79EFBC}") = "GoErgoMobile", "GoErgoMobile\GoErgoMobile.csproj", "{2ED7CD11-A310-4759-9543-505F86DE8CFF}"
EndProject
Global
	GlobalSection(SolutionConfigurationPlatforms) = preSolution
		Debug|Any CPU = Debug|Any CPU
		Debug|ARM = Debug|ARM
		Debug|x86 = Debug|x86
		Release|Any CPU = Release|Any CPU
		Release|ARM = Release|ARM
		Release|x86 = Release|x86
	EndGlobalSection
	GlobalSection(ProjectConfigurationPlatforms) = postSolution
		{392D0621-10A0-4870-B878-6A6D931A151D}.Debug|Any CPU.ActiveCfg = Debug|Any CPU
		{392D0621-10A0-4870-B878-6A6D931A151D}.Debug|Any CPU.Build.0 = Debug|Any CPU
		{392D0621-10A0-4870-B878-6A6D931A151D}.Debug|ARM.ActiveCfg = Debug|Any CPU
		{392D0621-10A0-4870-B878-6A6D931A151D}.Debug|x86.ActiveCfg = Debug|Any CPU
		{392D0621-10A0-4870-B878-6A6D931A151D}.Release|Any CPU.ActiveCfg = Release|Any CPU
		{392D0621-10A0-4870-B878-6A6D931A151D}.Release|Any CPU.Build.0 = Release|Any CPU
		{392D0621-10A0-4870-B878-6A6D931A151D}.Release|ARM.ActiveCfg = Release|Any CPU
		{392D0621-10A0-4870-B878-6A6D931A151D}.Release|x86.ActiveCfg = Release|Any CPU
		{2ED7CD11-A310-4759-9543-505F86DE8CFF}.Debug|Any CPU.ActiveCfg = Debug|Any CPU
		{2ED7CD11-A310-4759-9543-505F86DE8CFF}.Debug|Any CPU.Build.0 = Debug|Any CPU
		{2ED7CD11-A310-4759-9543-505F86DE8CFF}.Debug|Any CPU.Deploy.0 = Debug|Any CPU
		{2ED7CD11-A310-4759-9543-505F86DE8CFF}.Debug|ARM.ActiveCfg = Debug|ARM
		{2ED7CD11-A310-4759-9543-505F86DE8CFF}.Debug|ARM.Build.0 = Debug|ARM
		{2ED7CD11-A310-4759-9543-505F86DE8CFF}.Debug|ARM.Deploy.0 = Debug|ARM
		{2ED7CD11-A310-4759-9543-505F86DE8CFF}.Debug|x86.ActiveCfg = Debug|x86
		{2ED7CD11-A310-4759-9543-505F86DE8CFF}.Debug|x86.Build.0 = Debug|x86
		{2ED7CD11-A310-4759-9543-505F86DE8CFF}.Debug|x86.Deploy.0 = Debug|x86
		{2ED7CD11-A310-4759-9543-505F86DE8CFF}.Release|Any CPU.ActiveCfg = Release|Any CPU
		{2ED7CD11-A310-4759-9543-505F86DE8CFF}.Release|Any CPU.Build.0 = Release|Any CPU
		{2ED7CD11-A310-4759-9543-505F86DE8CFF}.Release|Any CPU.Deploy.0 = Release|Any CPU
		{2ED7CD11-A310-4759-9543-505F86DE8CFF}.Release|ARM.ActiveCfg = Release|ARM
		{2ED7CD11-A310-4759-9543-505F86DE8CFF}.Release|ARM.Build.0 = Release|ARM
		{2ED7CD11-A310-4759-9543-505F86DE8CFF}.Release|ARM.Deploy.0 = Release|ARM
		{2ED7CD11-A310-4759-9543-505F86DE8CFF}.Release|x86.ActiveCfg = Release|x86
		{2ED7CD11-A310-4759-9543-505F86DE8CFF}.Release|x86.Build.0 = Release|x86
		{2ED7CD11-A310-4759-9543-505F86DE8CFF}.Release|x86.Deploy.0 = Release|x86
	EndGlobalSection
	GlobalSection(SolutionProperties) = preSolution
		HideSolutionNode = FALSE
	EndGlobalSection
EndGlobal
